# This file is autogenerated, do not edit; changes may be undone by the next 'dep ensure'.


[[projects]]
  digest = "1:9f3b30d9f8e0d7040f729b82dcbc8f0dead820a133b3147ce355fc451f32d761"
  name = "github.com/BurntSushi/toml"
  packages = ["."]
  pruneopts = "UT"
  revision = "3012a1dbe2e4bd1391d42b32f0577cb7bbc7f005"
  version = "v0.3.1"

[[projects]]
  digest = "1:b95738a1e6ace058b5b8544303c0871fc01d224ef0d672f778f696265d0f2917"
  name = "github.com/chzyer/readline"
  packages = ["."]
  pruneopts = "UT"
  revision = "62c6fe6193755f722b8b8788aa7357be55a50ff1"
  version = "v1.4"

[[projects]]
  digest = "1:d052bda13fd17bd8cf52ccae57b0a03ffeea80cffc2cffc62741235fa34f92cf"
  name = "github.com/dsnet/compress"
  packages = [
    ".",
    "bzip2",
    "bzip2/internal/sais",
    "internal",
    "internal/errors",
    "internal/prefix",
  ]
  pruneopts = "UT"
  revision = "da652975a8eea9fa0735aba8056747a751db0bd3"
  version = "v0.0.1"

[[projects]]
  digest = "1:865079840386857c809b72ce300be7580cb50d3d3129ce11bf9aa6ca2bc1934a"
  name = "github.com/fatih/color"
  packages = ["."]
  pruneopts = "UT"
  revision = "5b77d2a35fb0ede96d138fc9a99f5c9b6aef11b4"
  version = "v1.7.0"

[[projects]]
  digest = "1:abeb38ade3f32a92943e5be54f55ed6d6e3b6602761d74b4aab4c9dd45c18abd"
  name = "github.com/fsnotify/fsnotify"
  packages = ["."]
  pruneopts = "UT"
  revision = "c2828203cd70a50dcccfb2761f8b1f8ceef9a8e9"
  version = "v1.4.7"

[[projects]]
  digest = "1:318f1c959a8a740366fce4b1e1eb2fd914036b4af58fbd0a003349b305f118ad"
  name = "github.com/golang/protobuf"
  packages = ["proto"]
  pruneopts = "UT"
  revision = "c823c79ea1570fb5ff454033735a8e68575d1d0f"
  version = "v1.3.0"

[[projects]]
  digest = "1:e4f5819333ac698d294fe04dbf640f84719658d5c7ce195b10060cc37292ce79"
  name = "github.com/golang/snappy"
  packages = ["."]
  pruneopts = "UT"
  revision = "2a8bb927dd31d8daada140a5d09578521ce5c36a"
  version = "v0.0.1"

[[projects]]
  digest = "1:b4303d38d92c00af6603f3b865a9bd20e3c50cebe55489e5aeb721c26750e375"
  name = "github.com/google/go-github"
  packages = ["github"]
  pruneopts = "UT"
  revision = "7462feb2032c2da9e3b85e9b04e6853a6e9e14ca"
  version = "v24.0.1"

[[projects]]
  digest = "1:a63cff6b5d8b95638bfe300385d93b2a6d9d687734b863da8e09dc834510a690"
  name = "github.com/google/go-querystring"
  packages = ["query"]
  pruneopts = "UT"
  revision = "44c6ddd0a2342c386950e880b658017258da92fc"
  version = "v1.0.0"

[[projects]]
  digest = "1:950caca7dfcf796419232ba996c9c3539d09f26af27ba848c4508e604c13efbb"
  name = "github.com/hashicorp/go-version"
  packages = ["."]
  pruneopts = "UT"
  revision = "d40cf49b3a77bba84a7afdbd7f1dc295d114efb1"
  version = "v1.1.0"

[[projects]]
  digest = "1:c0d19ab64b32ce9fe5cf4ddceba78d5bc9807f0016db6b1183599da3dcc24d10"
  name = "github.com/hashicorp/hcl"
  packages = [
    ".",
    "hcl/ast",
    "hcl/parser",
    "hcl/printer",
    "hcl/scanner",
    "hcl/strconv",
    "hcl/token",
    "json/parser",
    "json/scanner",
    "json/token",
  ]
  pruneopts = "UT"
  revision = "8cb6e5b959231cc1119e43259c4a608f9c51a241"
  version = "v1.0.0"

[[projects]]
  branch = "master"
  digest = "1:89cd2208bdeb192cc83ee287216af3c987fc87a90b9087718ad6631b636cefcf"
  name = "github.com/iancoleman/strcase"
  packages = ["."]
  pruneopts = "UT"
  revision = "3605ed457bf7f8caa1371b4fafadadc026673479"

[[projects]]
  digest = "1:870d441fe217b8e689d7949fef6e43efbc787e50f200cb1e70dbca9204a1d6be"
  name = "github.com/inconshreveable/mousetrap"
  packages = ["."]
  pruneopts = "UT"
  revision = "76626ae9c91c4f2a10f34cad8ce83ea42c93bb75"
  version = "v1.0"

[[projects]]
  digest = "1:ecd9aa82687cf31d1585d4ac61d0ba180e42e8a6182b85bd785fcca8dfeefc1b"
  name = "github.com/joho/godotenv"
  packages = ["."]
  pruneopts = "UT"
  revision = "23d116af351c84513e1946b527c88823e476be13"
  version = "v1.3.0"

[[projects]]
  digest = "1:7441395c4e26b064e033fd228773617644840bd6175b70aa3fe93182f0b498b1"
  name = "github.com/k0kubun/pp"
  packages = ["."]
  pruneopts = "UT"
  revision = "b13c7f285d1c1e9b577c072aea899a548dc1b718"
  version = "v2.4.0"

[[projects]]
  digest = "1:31e761d97c76151dde79e9d28964a812c46efc5baee4085b86f68f0c654450de"
  name = "github.com/konsorten/go-windows-terminal-sequences"
  packages = ["."]
  pruneopts = "UT"
  revision = "f55edac94c9bbba5d6182a4be46d86a2c9b5b50e"
  version = "v1.0.2"

[[projects]]
  digest = "1:29d28429a93b076908a36420a7ecb2bf429d24c15a4b5e2c220ea00fc84b71af"
  name = "github.com/kr/pty"
  packages = ["."]
  pruneopts = "UT"
  revision = "db8e3cd836b82e82e0a9c8edc6896967dd31374f"
  version = "v1.1.3"

[[projects]]
  digest = "1:c568d7727aa262c32bdf8a3f7db83614f7af0ed661474b24588de635c20024c7"
  name = "github.com/magiconair/properties"
  packages = ["."]
  pruneopts = "UT"
  revision = "c2353362d570a7bfa228149c62842019201cfb71"
  version = "v1.8.0"

[[projects]]
  digest = "1:c658e84ad3916da105a761660dcaeb01e63416c8ec7bc62256a9b411a05fcd67"
  name = "github.com/mattn/go-colorable"
  packages = ["."]
  pruneopts = "UT"
  revision = "167de6bfdfba052fa6b2d3664c8f5272e23c9072"
  version = "v0.0.9"

[[projects]]
  digest = "1:3bb9c8451d199650bfd303e0068d86f135952fead374ad87c09a9b8a2cc4bd7c"
  name = "github.com/mattn/go-isatty"
  packages = ["."]
  pruneopts = "UT"
  revision = "369ecd8cea9851e459abb67eb171853e3986591e"
  version = "v0.0.6"

[[projects]]
  digest = "1:67b3e2eb7a5bcfe8374b617315f1a8dfdff3c131a451eb2c01664790ef6dd4e6"
  name = "github.com/mholt/archiver"
  packages = ["."]
  pruneopts = "UT"
  revision = "d572b2e8b82726cee9476d1b9d63a7fe9b601ff1"
  version = "v3.1.1"

[[projects]]
  digest = "1:5d231480e1c64a726869bc4142d270184c419749d34f167646baa21008eb0a79"
  name = "github.com/mitchellh/go-homedir"
  packages = ["."]
  pruneopts = "UT"
  revision = "af06845cf3004701891bf4fdb884bfe4920b3727"
  version = "v1.1.0"

[[projects]]
  digest = "1:53bc4cd4914cd7cd52139990d5170d6dc99067ae31c56530621b18b35fc30318"
  name = "github.com/mitchellh/mapstructure"
  packages = ["."]
  pruneopts = "UT"
  revision = "3536a929edddb9a5b34bd6861dc4a9647cb459fe"
  version = "v1.1.2"

[[projects]]
  digest = "1:b93a939355dc613ca1c23bf39f6d4c207da431a31dd8af001cc334ad24cab9d3"
  name = "github.com/nwaples/rardecode"
  packages = ["."]
  pruneopts = "UT"
  revision = "cc3e4b2381762c56dbcdf9f93be03349a1dc1c14"
  version = "v1.0.0"

[[projects]]
  digest = "1:95741de3af260a92cc5c7f3f3061e85273f5a81b5db20d4bd68da74bd521675e"
  name = "github.com/pelletier/go-toml"
  packages = ["."]
  pruneopts = "UT"
  revision = "c01d1270ff3e442a8a57cddc1c92dc1138598194"
  version = "v1.2.0"

[[projects]]
  digest = "1:d4c88b5ad20151a96c1e5a55547a944b6af623aa315f69ee0d172b00f95d27fb"
  name = "github.com/pierrec/lz4"
  packages = [
    ".",
    "internal/xxh32",
  ]
  pruneopts = "UT"
  revision = "062282ea0dcff40c9fb8525789eef9644b1fbd6e"
  version = "v2.1.0"

[[projects]]
  digest = "1:87c2e02fb01c27060ccc5ba7c5a407cc91147726f8f40b70cceeedbc52b1f3a8"
  name = "github.com/sirupsen/logrus"
  packages = ["."]
  pruneopts = "UT"
  revision = "e1e72e9de974bd926e5c56f83753fba2df402ce5"
  version = "v1.3.0"

[[projects]]
  digest = "1:3e39bafd6c2f4bf3c76c3bfd16a2e09e016510ad5db90dc02b88e2f565d6d595"
  name = "github.com/spf13/afero"
  packages = [
    ".",
    "mem",
  ]
  pruneopts = "UT"
  revision = "f4711e4db9e9a1d3887343acb72b2bbfc2f686f5"
  version = "v1.2.1"

[[projects]]
  digest = "1:08d65904057412fc0270fc4812a1c90c594186819243160dc779a402d4b6d0bc"
  name = "github.com/spf13/cast"
  packages = ["."]
  pruneopts = "UT"
  revision = "8c9545af88b134710ab1cd196795e7f2388358d7"
  version = "v1.3.0"

[[projects]]
  digest = "1:645cabccbb4fa8aab25a956cbcbdf6a6845ca736b2c64e197ca7cbb9d210b939"
  name = "github.com/spf13/cobra"
  packages = ["."]
  pruneopts = "UT"
  revision = "ef82de70bb3f60c65fb8eebacbb2d122ef517385"
  version = "v0.0.3"

[[projects]]
  digest = "1:1b753ec16506f5864d26a28b43703c58831255059644351bbcb019b843950900"
  name = "github.com/spf13/jwalterweatherman"
  packages = ["."]
  pruneopts = "UT"
  revision = "94f6ae3ed3bceceafa716478c5fbf8d29ca601a1"
  version = "v1.1.0"

[[projects]]
  digest = "1:c1b1102241e7f645bc8e0c22ae352e8f0dc6484b6cb4d132fa9f24174e0119e2"
  name = "github.com/spf13/pflag"
  packages = ["."]
  pruneopts = "UT"
  revision = "298182f68c66c05229eb03ac171abe6e309ee79a"
  version = "v1.0.3"

[[projects]]
  digest = "1:de37e343c64582d7026bf8ab6ac5b22a72eac54f3a57020db31524affed9f423"
  name = "github.com/spf13/viper"
  packages = ["."]
  pruneopts = "UT"
  revision = "6d33b5a963d922d182c91e8a1c88d81fd150cfd4"
  version = "v1.3.1"

[[projects]]
  branch = "master"
  digest = "1:cf45e97f0249f86c7ddde8813f9cf29d8ec8f57aa1921670d7cf9a36ec19055b"
  name = "github.com/taskie/csvt"
  packages = [
    ".",
    "cli/csvt",
  ]
  pruneopts = "UT"
  revision = "f28b96e3ab1d1e9c1fcb892a0cd75af7f3888cd6"

[[projects]]
  digest = "1:57fab78084e4c6042ce46c1140c85d9fd98ce8e12855f36bbf0d79d7d6aebb75"
  name = "github.com/taskie/fwv"
  packages = [
    ".",
    "cli/fwv",
  ]
  pruneopts = "UT"
  revision = "e06a3cae021b91b20565f07ad8aabd488d67a2cc"
  version = "v0.1.0"

[[projects]]
  branch = "master"
  digest = "1:2eb00a6088e00359a5884939ae90e13b3ff592d07476d951df2618dcfe56a4ff"
  name = "github.com/taskie/gfp"
  packages = [
    ".",
    "cli/gfp",
    "codecs",
  ]
  pruneopts = "UT"
  revision = "a8db19061cd2b6f7a4792fb6af4747c43b2b981f"

[[projects]]
  branch = "master"
  digest = "1:4efab0d28246325a6c680ef1424e0364404f2105eb65ab2b4ee4bd7c4292224c"
  name = "github.com/taskie/gtp"
  packages = [
    ".",
    "cli/gtp",
  ]
  pruneopts = "UT"
  revision = "6b5fb236c5f0af24387e3a667949f928548a9edd"

[[projects]]
  digest = "1:1128606d939cf8f42e7a340ddacefc53397942b602cbc8a164c49f966961df8c"
  name = "github.com/taskie/jc"
  packages = [
    ".",
    "cli/jc",
    "codecs",
  ]
  pruneopts = "UT"
  revision = "ec7eb47ffa7fe3ac5f7531f1ab7445765213f7a0"
  version = "v0.1.0"

[[projects]]
  digest = "1:5f1b5d62c23486504985bcdbfc73e050f394ef330c25a7083499a31aa958fdbd"
  name = "github.com/taskie/osplus"
  packages = ["."]
  pruneopts = "UT"
  revision = "6f5652feeaf1fbd08e773c560fe1673fd569e6d1"
  version = "v0.1.2"

[[projects]]
  digest = "1:dc0d11368d64b03c6fcd1edeb3c7cc4b17fd3a970ab0376eb6595066cfda0d4d"
  name = "github.com/taskie/pity"
  packages = [
    ".",
    "cli/pity",
  ]
  pruneopts = "UT"
  revision = "3a47f909480660a0127abcaa0463be43b202c545"
  version = "v0.1.3"

[[projects]]
  branch = "master"
  digest = "1:a5db10eb8d1544fc8b55380d21bebd851af7aff75d635c6bd3967697787f3c71"
  name = "github.com/taskie/reinc"
  packages = [
    ".",
    "cli/reinc",
  ]
  pruneopts = "UT"
  revision = "6cfa447c5e394a6349fb9bb2d69a46a1d47e7629"

[[projects]]
  branch = "master"
  digest = "1:215c8e5ffb9db108eabeba113ae91f753783014a2a69c5df7ec3696eb264564b"
  name = "github.com/taskie/rlexec"
  packages = [
    ".",
    "cli/rlexec",
  ]
  pruneopts = "UT"
  revision = "1ebde80334d88891628d68ffee7003bd279fa0d6"

[[projects]]
  branch = "master"
  digest = "1:eefc695042e6873e2e031a81bde1afcc7e12fe3849b9a7b77f5be1bccd9ede44"
  name = "github.com/tcnksm/go-latest"
  packages = ["."]
  pruneopts = "UT"
  revision = "e3007ae9052ed85144087e7392e4c3fbc07962fa"

[[projects]]
  digest = "1:2643d81498e38e44bdcf480be199cac55f29e97403b0342d962824bfe9960722"
  name = "github.com/ulikunitz/xz"
  packages = [
    ".",
    "internal/hash",
    "internal/xlog",
    "lzma",
  ]
  pruneopts = "UT"
  revision = "6f934d456d51e742b4eeab20d925a827ef22320a"
  version = "v0.5.6"

[[projects]]
  digest = "1:3810ea14d85aabc511e032f8c817e4f2276af72ea4346f223725e0aaaf1f5c10"
  name = "github.com/vmihailenco/msgpack"
  packages = [
    ".",
    "codes",
  ]
  pruneopts = "UT"
  revision = "b962d79429a3c5135cca9ed528943f1551ec04df"
  version = "v4.0.2"

[[projects]]
  branch = "master"
  digest = "1:0dfba983988bcd90e6dd30b9bfdb9685ff530dbf61db3706e55372e975b1d8bc"
  name = "github.com/xi2/xz"
  packages = ["."]
  pruneopts = "UT"
  revision = "48954b6210f8d154cb5f8484d3a3e1f83489309e"

[[projects]]
  branch = "master"
  digest = "1:058e9504b9a79bfe86092974d05bb3298d2aa0c312d266d43148de289a5065d9"
  name = "golang.org/x/crypto"
  packages = ["ssh/terminal"]
  pruneopts = "UT"
  revision = "8dd112bcdc25174059e45e07517d9fc663123347"

[[projects]]
  branch = "master"
  digest = "1:243c645f2efeedf284b1b8b56b8f8c585632cb16e5493a10f15e3263fbb4efc2"
  name = "golang.org/x/net"
  packages = [
    "context",
    "html",
    "html/atom",
  ]
  pruneopts = "UT"
  revision = "16b79f2e4e95ea23b2bf9903c9809ff7b013ce85"

[[projects]]
  branch = "master"
  digest = "1:1be6480d6816d23e125645a42e38c9a2637a460d8470f432be6ffc02306c5488"
  name = "golang.org/x/sys"
  packages = [
    "unix",
    "windows",
  ]
  pruneopts = "UT"
  revision = "b294cbcfc56d2a65a30c02c78722b5df061e99b8"

[[projects]]
  digest = "1:5a8c9713f32ff4b05072d1eb87b1b2c3feacb061c1300519cbe12c946a853500"
  name = "golang.org/x/text"
  packages = [
    "internal/gen",
    "internal/triegen",
    "internal/ucd",
    "transform",
    "unicode/cldr",
    "unicode/norm",
    "width",
  ]
  pruneopts = "UT"
  revision = "f21a4dfb5e38f5895301dc265a8def02365cc3d0"
  version = "v0.3.0"

[[projects]]
  digest = "1:56dfffc6e6ceeaebb6db73e02a846a92a850c53130078682993bd028a2ef717d"
  name = "google.golang.org/appengine"
  packages = [
    ".",
    "datastore",
    "internal",
    "internal/app_identity",
    "internal/base",
    "internal/datastore",
    "internal/log",
    "internal/modules",
    "internal/remote_api",
  ]
  pruneopts = "UT"
  revision = "e9657d882bb81064595ca3b56cbe2546bbabf7b1"
  version = "v1.4.0"

[[projects]]
  digest = "1:4d2e5a73dc1500038e504a8d78b986630e3626dc027bc030ba5c75da257cdb96"
  name = "gopkg.in/yaml.v2"
  packages = ["."]
  pruneopts = "UT"
  revision = "51d6538a90f86fe93ac480b35f37b2be17fef232"
  version = "v2.2.2"

[solve-meta]
  analyzer-name = "dep"
  analyzer-version = 1
  input-imports = [
    "github.com/mholt/archiver",
    "github.com/sirupsen/logrus",
    "github.com/spf13/cobra",
    "github.com/taskie/csvt/cli/csvt",
    "github.com/taskie/fwv/cli/fwv",
    "github.com/taskie/gfp/cli/gfp",
    "github.com/taskie/gtp/cli/gtp",
    "github.com/taskie/jc/cli/jc",
    "github.com/taskie/osplus",
    "github.com/taskie/pity/cli/pity",
    "github.com/taskie/reinc/cli/reinc",
    "github.com/taskie/rlexec/cli/rlexec",
    "github.com/tcnksm/go-latest",
  ]
  solver-name = "gps-cdcl"
  solver-version = 1
